// !$*UTF8*$!
{
	archiveVersion = 1;
	classes = {
	};
	objectVersion = 46;
	objects = {

/* Begin PBXBuildFile section */
		967954311D2427CA009EF12C /* jelly.cpp in Sources */ = {isa = PBXBuildFile; fileRef = 9679542F1D2427CA009EF12C /* jelly.cpp */; };
		9679543A1D24DE7D009EF12C /* global.cpp in Sources */ = {isa = PBXBuildFile; fileRef = 967954381D24DE7D009EF12C /* global.cpp */; };
		9679543D1D24EB45009EF12C /* solution.cpp in Sources */ = {isa = PBXBuildFile; fileRef = 9679543B1D24EB45009EF12C /* solution.cpp */; };
		968337D61D22CD7E003E389F /* main.cpp in Sources */ = {isa = PBXBuildFile; fileRef = 968337D51D22CD7E003E389F /* main.cpp */; };
/* End PBXBuildFile section */

/* Begin PBXCopyFilesBuildPhase section */
		968337D01D22CD7E003E389F /* CopyFiles */ = {
			isa = PBXCopyFilesBuildPhase;
			buildActionMask = 2147483647;
			dstPath = /usr/share/man/man1/;
			dstSubfolderSpec = 0;
			files = (
			);
			runOnlyForDeploymentPostprocessing = 1;
		};
/* End PBXCopyFilesBuildPhase section */

/* Begin PBXFileReference section */
		9679542F1D2427CA009EF12C /* jelly.cpp */ = {isa = PBXFileReference; fileEncoding = 4; lastKnownFileType = sourcecode.cpp.cpp; path = jelly.cpp; sourceTree = "<group>"; };
		967954301D2427CA009EF12C /* jelly.hpp */ = {isa = PBXFileReference; fileEncoding = 4; lastKnownFileType = sourcecode.cpp.h; path = jelly.hpp; sourceTree = "<group>"; };
		967954381D24DE7D009EF12C /* global.cpp */ = {isa = PBXFileReference; fileEncoding = 4; lastKnownFileType = sourcecode.cpp.cpp; path = global.cpp; sourceTree = "<group>"; };
		967954391D24DE7D009EF12C /* global.hpp */ = {isa = PBXFileReference; fileEncoding = 4; lastKnownFileType = sourcecode.cpp.h; path = global.hpp; sourceTree = "<group>"; };
		9679543B1D24EB45009EF12C /* solution.cpp */ = {isa = PBXFileReference; fileEncoding = 4; lastKnownFileType = sourcecode.cpp.cpp; path = solution.cpp; sourceTree = "<group>"; };
		9679543C1D24EB45009EF12C /* solution.hpp */ = {isa = PBXFileReference; fileEncoding = 4; lastKnownFileType = sourcecode.cpp.h; path = solution.hpp; sourceTree = "<group>"; };
		968337D21D22CD7E003E389F /* get_jelly_answer */ = {isa = PBXFileReference; explicitFileType = "compiled.mach-o.executable"; includeInIndex = 0; path = get_jelly_answer; sourceTree = BUILT_PRODUCTS_DIR; };
		968337D51D22CD7E003E389F /* main.cpp */ = {isa = PBXFileReference; lastKnownFileType = sourcecode.cpp.cpp; path = main.cpp; sourceTree = "<group>"; };
/* End PBXFileReference section */

/* Begin PBXFrameworksBuildPhase section */
		968337CF1D22CD7E003E389F /* Frameworks */ = {
			isa = PBXFrameworksBuildPhase;
			buildActionMask = 2147483647;
			files = (
			);
			runOnlyForDeploymentPostprocessing = 0;
		};
/* End PBXFrameworksBuildPhase section */

/* Begin PBXGroup section */
		968337C91D22CD7E003E389F = {
			isa = PBXGroup;
			children = (
				968337D41D22CD7E003E389F /* get_jelly_answer */,
				968337D31D22CD7E003E389F /* Products */,
			);
			sourceTree = "<group>";
		};
		968337D31D22CD7E003E389F /* Products */ = {
			isa = PBXGroup;
			children = (
				968337D21D22CD7E003E389F /* get_jelly_answer */,
			);
			name = Products;
			sourceTree = "<group>";
		};
		968337D41D22CD7E003E389F /* get_jelly_answer */ = {
			isa = PBXGroup;
			children = (
				968337D51D22CD7E003E389F /* main.cpp */,
				967954391D24DE7D009EF12C /* global.hpp */,
				967954381D24DE7D009EF12C /* global.cpp */,
				967954301D2427CA009EF12C /* jelly.hpp */,
				9679542F1D2427CA009EF12C /* jelly.cpp */,
				9679543C1D24EB45009EF12C /* solution.hpp */,
				9679543B1D24EB45009EF12C /* solution.cpp */,
			);
			path = get_jelly_answer;
			sourceTree = "<group>";
		};
/* End PBXGroup section */

/* Begin PBXNativeTarget section */
		968337D11D22CD7E003E389F /* get_jelly_answer */ = {
			isa = PBXNativeTarget;
			buildConfigurationList = 968337D91D22CD7E003E389F /* Build configuration list for PBXNativeTarget "get_jelly_answer" */;
			buildPhases = (
				968337CE1D22CD7E003E389F /* Sources */,
				968337CF1D22CD7E003E389F /* Frameworks */,
				968337D01D22CD7E003E389F /* CopyFiles */,
			);
			buildRules = (
			);
			dependencies = (
			);
			name = get_jelly_answer;
			productName = get_jelly_answer;
			productReference = 968337D21D22CD7E003E389F /* get_jelly_answer */;
			productType = "com.apple.product-type.tool";
		};
/* End PBXNativeTarget section */

/* Begin PBXProject section */
		968337CA1D22CD7E003E389F /* Project object */ = {
			isa = PBXProject;
			attributes = {
				LastUpgradeCheck = 0710;
				ORGANIZATIONNAME = "中央政治局常委";
				TargetAttributes = {
					968337D11D22CD7E003E389F = {
						CreatedOnToolsVersion = 7.1;
					};
				};
			};
			buildConfigurationList = 968337CD1D22CD7E003E389F /* Build configuration list for PBXProject "get_jelly_answer" */;
			compatibilityVersion = "Xcode 3.2";
			developmentRegion = English;
			hasScannedForEncodings = 0;
			knownRegions = (
				en,
			);
			mainGroup = 968337C91D22CD7E003E389F;
			productRefGroup = 968337D31D22CD7E003E389F /* Products */;
			projectDirPath = "";
			projectRoot = "";
			targets = (
				968337D11D22CD7E003E389F /* get_jelly_answer */,
			);
		};
/* End PBXProject section */

/* Begin PBXSourcesBuildPhase section */
		968337CE1D22CD7E003E389F /* Sources */ = {
			isa = PBXSourcesBuildPhase;
			buildActionMask = 2147483647;
			files = (
				967954311D2427CA009EF12C /* jelly.cpp in Sources */,
				9679543A1D24DE7D009EF12C /* global.cpp in Sources */,
				9679543D1D24EB45009EF12C /* solution.cpp in Sources */,
				968337D61D22CD7E003E389F /* main.cpp in Sources */,
			);
			runOnlyForDeploymentPostprocessing = 0;
		};
/* End PBXSourcesBuildPhase section */

/* Begin XCBuildConfiguration section */
		968337D71D22CD7E003E389F /* Debug */ = {
			isa = XCBuildConfiguration;
			buildSettings = {
				ALWAYS_SEARCH_USER_PATHS = NO;
				CLANG_CXX_LANGUAGE_STANDARD = "gnu++0x";
				CLANG_CXX_LIBRARY = "libc++";
				CLANG_ENABLE_MODULES = YES;
				CLANG_ENABLE_OBJC_ARC = YES;
				CLANG_WARN_BOOL_CONVERSION = YES;
				CLANG_WARN_CONSTANT_CONVERSION = YES;
				CLANG_WARN_DIRECT_OBJC_ISA_USAGE = YES_ERROR;
				CLANG_WARN_EMPTY_BODY = YES;
				CLANG_WARN_ENUM_CONVERSION = YES;
				CLANG_WARN_INT_CONVERSION = YES;
				CLANG_WARN_OBJC_ROOT_CLASS = YES_ERROR;
				CLANG_WARN_UNREACHABLE_CODE = YES;
				CLANG_WARN__DUPLICATE_METHOD_MATCH = YES;
				CODE_SIGN_IDENTITY = "-";
				COPY_PHASE_STRIP = NO;
				DEBUG_INFORMATION_FORMAT = dwarf;
				ENABLE_STRICT_OBJC_MSGSEND = YES;
				ENABLE_TESTABILITY = YES;
				GCC_C_LANGUAGE_STANDARD = gnu99;
				GCC_DYNAMIC_NO_PIC = NO;
				GCC_NO_COMMON_BLOCKS = YES;
				GCC_OPTIMIZATION_LEVEL = 0;
				GCC_PREPROCESSOR_DEFINITIONS = (
					"DEBUG=1",
					"$(inherited)",
				);
				GCC_WARN_64_TO_32_BIT_CONVERSION = YES;
				GCC_WARN_ABOUT_RETURN_TYPE = YES_ERROR;
				GCC_WARN_UNDECLARED_SELECTOR = YES;
				GCC_WARN_UNINITIALIZED_AUTOS = YES_AGGRESSIVE;
				GCC_WARN_UNUSED_FUNCTION = YES;
				GCC_WARN_UNUSED_VARIABLE = YES;
				MACOSX_DEPLOYMENT_TARGET = 10.11;
				MTL_ENABLE_DEBUG_INFO = YES;
				ONLY_ACTIVE_ARCH = YES;
				SDKROOT = macosx;
			};
			name = Debug;
		};
		968337D81D22CD7E003E389F /* Release */ = {
			isa = XCBuildConfiguration;
			buildSettings = {
				ALWAYS_SEARCH_USER_PATHS = NO;
				CLANG_CXX_LANGUAGE_STANDARD = "gnu++0x";
				CLANG_CXX_LIBRARY = "libc++";
				CLANG_ENABLE_MODULES = YES;
				CLANG_ENABLE_OBJC_ARC = YES;
				CLANG_WARN_BOOL_CONVERSION = YES;
				CLANG_WARN_CONSTANT_CONVERSION = YES;
				CLANG_WARN_DIRECT_OBJC_ISA_USAGE = YES_ERROR;
				CLANG_WARN_EMPTY_BODY = YES;
				CLANG_WARN_ENUM_CONVERSION = YES;
				CLANG_WARN_INT_CONVERSION = YES;
				CLANG_WARN_OBJC_ROOT_CLASS = YES_ERROR;
				CLANG_WARN_UNREACHABLE_CODE = YES;
				CLANG_WARN__DUPLICATE_METHOD_MATCH = YES;
				CODE_SIGN_IDENTITY = "-";
				COPY_PHASE_STRIP = NO;
				DEBUG_INFORMATION_FORMAT = "dwarf-with-dsym";
				ENABLE_NS_ASSERTIONS = NO;
				ENABLE_STRICT_OBJC_MSGSEND = YES;
				GCC_C_LANGUAGE_STANDARD = gnu99;
				GCC_NO_COMMON_BLOCKS = YES;
				GCC_WARN_64_TO_32_BIT_CONVERSION = YES;
				GCC_WARN_ABOUT_RETURN_TYPE = YES_ERROR;
				GCC_WARN_UNDECLARED_SELECTOR = YES;
				GCC_WARN_UNINITIALIZED_AUTOS = YES_AGGRESSIVE;
				GCC_WARN_UNUSED_FUNCTION = YES;
				GCC_WARN_UNUSED_VARIABLE = YES;
				MACOSX_DEPLOYMENT_TARGET = 10.11;
				MTL_ENABLE_DEBUG_INFO = NO;
				SDKROOT = macosx;
			};
			name = Release;
		};
		968337DA1D22CD7E003E389F /* Debug */ = {
			isa = XCBuildConfiguration;
			buildSettings = {
				PRODUCT_NAME = "$(TARGET_NAME)";
			};
			name = Debug;
		};
		968337DB1D22CD7E003E389F /* Release */ = {
			isa = XCBuildConfiguration;
			buildSettings = {
				PRODUCT_NAME = "$(TARGET_NAME)";
			};
			name = Release;
		};
/* End XCBuildConfiguration section */

/* Begin XCConfigurationList section */
		968337CD1D22CD7E003E389F /* Build configuration list for PBXProject "get_jelly_answer" */ = {
			isa = XCConfigurationList;
			buildConfigurations = (
				968337D71D22CD7E003E389F /* Debug */,
				968337D81D22CD7E003E389F /* Release */,
			);
			defaultConfigurationIsVisible = 0;
			defaultConfigurationName = Release;
		};
		968337D91D22CD7E003E389F /* Build configuration list for PBXNativeTarget "get_jelly_answer" */ = {
			isa = XCConfigurationList;
			buildConfigurations = (
				968337DA1D22CD7E003E389F /* Debug */,
				968337DB1D22CD7E003E389F /* Release */,
			);
			defaultConfigurationIsVisible = 0;
			defaultConfigurationName = Release;
		};
/* End XCConfigurationList section */
	};
	rootObject = 968337CA1D22CD7E003E389F /* Project object */;
}
